
Microsoft Visual Studio Solution File, Format Version 12.00
# Visual Studio Version 17
VisualStudioVersion = 17.4.33122.133
MinimumVisualStudioVersion = 10.0.40219.1
Project("{9A19103F-16F7-4668-BE54-9A1E7A4F7556}") = "HtmlApiService", "HtmlApiService\HtmlApiService.csproj", "{C2A23195-D645-4649-AB9E-A5A9A04F945E}"
EndProject
Global
	GlobalSection(SolutionConfigurationPlatforms) = preSolution
		Debug|Any CPU = Debug|Any CPU
		Release|Any CPU = Release|Any CPU
	EndGlobalSection
	GlobalSection(ProjectConfigurationPlatforms) = postSolution
		{C2A23195-D645-4649-AB9E-A5A9A04F945E}.Debug|Any CPU.ActiveCfg = Debug|Any CPU
		{C2A23195-D645-4649-AB9E-A5A9A04F945E}.Debug|Any CPU.Build.0 = Debug|Any CPU
		{C2A23195-D645-4649-AB9E-A5A9A04F945E}.Release|Any CPU.ActiveCfg = Release|Any CPU
		{C2A23195-D645-4649-AB9E-A5A9A04F945E}.Release|Any CPU.Build.0 = Release|Any CPU
	EndGlobalSection
	GlobalSection(SolutionProperties) = preSolution
		HideSolutionNode = FALSE
	EndGlobalSection
	GlobalSection(ExtensibilityGlobals) = postSolution
		SolutionGuid = {044B617E-1258-479F-A198-B1160528583A}
	EndGlobalSection
EndGlobal
